
Microsoft Visual Studio Solution File, Format Version 12.00
# Visual Studio 15
VisualStudioVersion = 15.0.27703.2018
MinimumVisualStudioVersion = 10.0.40219.1
Project("{FAE04EC0-301F-11D3-BF4B-00C04F79EFBC}") = "UserInputConvertTo", "UserInputConvertTo\UserInputConvertTo.csproj", "{5AD4574A-AB87-4FC9-B5DA-9AAE5B4D35BB}"
EndProject
Global
	GlobalSection(SolutionConfigurationPlatforms) = preSolution
		Debug|Any CPU = Debug|Any CPU
		Release|Any CPU = Release|Any CPU
	EndGlobalSection
	GlobalSection(ProjectConfigurationPlatforms) = postSolution
		{5AD4574A-AB87-4FC9-B5DA-9AAE5B4D35BB}.Debug|Any CPU.ActiveCfg = Debug|Any CPU
		{5AD4574A-AB87-4FC9-B5DA-9AAE5B4D35BB}.Debug|Any CPU.Build.0 = Debug|Any CPU
		{5AD4574A-AB87-4FC9-B5DA-9AAE5B4D35BB}.Release|Any CPU.ActiveCfg = Release|Any CPU
		{5AD4574A-AB87-4FC9-B5DA-9AAE5B4D35BB}.Release|Any CPU.Build.0 = Release|Any CPU
	EndGlobalSection
	GlobalSection(SolutionProperties) = preSolution
		HideSolutionNode = FALSE
	EndGlobalSection
	GlobalSection(ExtensibilityGlobals) = postSolution
		SolutionGuid = {174B9A4A-16AA-45A1-B5D4-98E26AB6417F}
	EndGlobalSection
EndGlobal
